// !$*UTF8*$!
{
	archiveVersion = 1;
	classes = {
	};
	objectVersion = 50;
	objects = {

/* Begin PBXBuildFile section */
		555AF3E0244CA40D001F99F1 /* AppDelegate.swift in Sources */ = {isa = PBXBuildFile; fileRef = 555AF3DF244CA40D001F99F1 /* AppDelegate.swift */; };
		555AF3E2244CA40D001F99F1 /* SceneDelegate.swift in Sources */ = {isa = PBXBuildFile; fileRef = 555AF3E1244CA40D001F99F1 /* SceneDelegate.swift */; };
		555AF3E4244CA40D001F99F1 /* ContentView.swift in Sources */ = {isa = PBXBuildFile; fileRef = 555AF3E3244CA40D001F99F1 /* ContentView.swift */; };
		555AF3E6244CA414001F99F1 /* Assets.xcassets in Resources */ = {isa = PBXBuildFile; fileRef = 555AF3E5244CA414001F99F1 /* Assets.xcassets */; };
		555AF3E9244CA414001F99F1 /* Preview Assets.xcassets in Resources */ = {isa = PBXBuildFile; fileRef = 555AF3E8244CA414001F99F1 /* Preview Assets.xcassets */; };
		555AF3EC244CA414001F99F1 /* LaunchScreen.storyboard in Resources */ = {isa = PBXBuildFile; fileRef = 555AF3EA244CA414001F99F1 /* LaunchScreen.storyboard */; };
/* End PBXBuildFile section */

/* Begin PBXFileReference section */
		555AF3DC244CA40D001F99F1 /* ChartingCovid-SwiftUI.app */ = {isa = PBXFileReference; explicitFileType = wrapper.application; includeInIndex = 0; path = "ChartingCovid-SwiftUI.app"; sourceTree = BUILT_PRODUCTS_DIR; };
		555AF3DF244CA40D001F99F1 /* AppDelegate.swift */ = {isa = PBXFileReference; lastKnownFileType = sourcecode.swift; path = AppDelegate.swift; sourceTree = "<group>"; };
		555AF3E1244CA40D001F99F1 /* SceneDelegate.swift */ = {isa = PBXFileReference; lastKnownFileType = sourcecode.swift; path = SceneDelegate.swift; sourceTree = "<group>"; };
		555AF3E3244CA40D001F99F1 /* ContentView.swift */ = {isa = PBXFileReference; lastKnownFileType = sourcecode.swift; path = ContentView.swift; sourceTree = "<group>"; };
		555AF3E5244CA414001F99F1 /* Assets.xcassets */ = {isa = PBXFileReference; lastKnownFileType = folder.assetcatalog; path = Assets.xcassets; sourceTree = "<group>"; };
		555AF3E8244CA414001F99F1 /* Preview Assets.xcassets */ = {isa = PBXFileReference; lastKnownFileType = folder.assetcatalog; path = "Preview Assets.xcassets"; sourceTree = "<group>"; };
		555AF3EB244CA414001F99F1 /* Base */ = {isa = PBXFileReference; lastKnownFileType = file.storyboard; name = Base; path = Base.lproj/LaunchScreen.storyboard; sourceTree = "<group>"; };
		555AF3ED244CA414001F99F1 /* Info.plist */ = {isa = PBXFileReference; lastKnownFileType = text.plist.xml; path = Info.plist; sourceTree = "<group>"; };
/* End PBXFileReference section */

/* Begin PBXFrameworksBuildPhase section */
		555AF3D9244CA40D001F99F1 /* Frameworks */ = {
			isa = PBXFrameworksBuildPhase;
			buildActionMask = 2147483647;
			files = (
			);
			runOnlyForDeploymentPostprocessing = 0;
		};
/* End PBXFrameworksBuildPhase section */

/* Begin PBXGroup section */
		555AF3D3244CA40D001F99F1 = {
			isa = PBXGroup;
			children = (
				555AF3DE244CA40D001F99F1 /* ChartingCovid-SwiftUI */,
				555AF3DD244CA40D001F99F1 /* Products */,
			);
			sourceTree = "<group>";
		};
		555AF3DD244CA40D001F99F1 /* Products */ = {
			isa = PBXGroup;
			children = (
				555AF3DC244CA40D001F99F1 /* ChartingCovid-SwiftUI.app */,
			);
			name = Products;
			sourceTree = "<group>";
		};
		555AF3DE244CA40D001F99F1 /* ChartingCovid-SwiftUI */ = {
			isa = PBXGroup;
			children = (
				555AF3DF244CA40D001F99F1 /* AppDelegate.swift */,
				555AF3E1244CA40D001F99F1 /* SceneDelegate.swift */,
				555AF3E3244CA40D001F99F1 /* ContentView.swift */,
				555AF3E5244CA414001F99F1 /* Assets.xcassets */,
				555AF3EA244CA414001F99F1 /* LaunchScreen.storyboard */,
				555AF3ED244CA414001F99F1 /* Info.plist */,
				555AF3E7244CA414001F99F1 /* Preview Content */,
			);
			path = "ChartingCovid-SwiftUI";
			sourceTree = "<group>";
		};
		555AF3E7244CA414001F99F1 /* Preview Content */ = {
			isa = PBXGroup;
			children = (
				555AF3E8244CA414001F99F1 /* Preview Assets.xcassets */,
			);
			path = "Preview Content";
			sourceTree = "<group>";
		};
/* End PBXGroup section */

/* Begin PBXNativeTarget section */
		555AF3DB244CA40D001F99F1 /* ChartingCovid-SwiftUI */ = {
			isa = PBXNativeTarget;
			buildConfigurationList = 555AF3F0244CA414001F99F1 /* Build configuration list for PBXNativeTarget "ChartingCovid-SwiftUI" */;
			buildPhases = (
				555AF3D8244CA40D001F99F1 /* Sources */,
				555AF3D9244CA40D001F99F1 /* Frameworks */,
				555AF3DA244CA40D001F99F1 /* Resources */,
			);
			buildRules = (
			);
			dependencies = (
			);
			name = "ChartingCovid-SwiftUI";
			productName = "ChartingCovid-SwiftUI";
			productReference = 555AF3DC244CA40D001F99F1 /* ChartingCovid-SwiftUI.app */;
			productType = "com.apple.product-type.application";
		};
/* End PBXNativeTarget section */

/* Begin PBXProject section */
		555AF3D4244CA40D001F99F1 /* Project object */ = {
			isa = PBXProject;
			attributes = {
				LastSwiftUpdateCheck = 1140;
				LastUpgradeCheck = 1140;
				ORGANIZATIONNAME = "alex-babich";
				TargetAttributes = {
					555AF3DB244CA40D001F99F1 = {
						CreatedOnToolsVersion = 11.4.1;
					};
				};
			};
			buildConfigurationList = 555AF3D7244CA40D001F99F1 /* Build configuration list for PBXProject "ChartingCovid-SwiftUI" */;
			compatibilityVersion = "Xcode 9.3";
			developmentRegion = en;
			hasScannedForEncodings = 0;
			knownRegions = (
				en,
				Base,
			);
			mainGroup = 555AF3D3244CA40D001F99F1;
			productRefGroup = 555AF3DD244CA40D001F99F1 /* Products */;
			projectDirPath = "";
			projectRoot = "";
			targets = (
				555AF3DB244CA40D001F99F1 /* ChartingCovid-SwiftUI */,
			);
		};
/* End PBXProject section */

/* Begin PBXResourcesBuildPhase section */
		555AF3DA244CA40D001F99F1 /* Resources */ = {
			isa = PBXResourcesBuildPhase;
			buildActionMask = 2147483647;
			files = (
				555AF3EC244CA414001F99F1 /* LaunchScreen.storyboard in Resources */,
				555AF3E9244CA414001F99F1 /* Preview Assets.xcassets in Resources */,
				555AF3E6244CA414001F99F1 /* Assets.xcassets in Resources */,
			);
			runOnlyForDeploymentPostprocessing = 0;
		};
/* End PBXResourcesBuildPhase section */

/* Begin PBXSourcesBuildPhase section */
		555AF3D8244CA40D001F99F1 /* Sources */ = {
			isa = PBXSourcesBuildPhase;
			buildActionMask = 2147483647;
			files = (
				555AF3E0244CA40D001F99F1 /* AppDelegate.swift in Sources */,
				555AF3E2244CA40D001F99F1 /* SceneDelegate.swift in Sources */,
				555AF3E4244CA40D001F99F1 /* ContentView.swift in Sources */,
			);
			runOnlyForDeploymentPostprocessing = 0;
		};
/* End PBXSourcesBuildPhase section */

/* Begin PBXVariantGroup section */
		555AF3EA244CA414001F99F1 /* LaunchScreen.storyboard */ = {
			isa = PBXVariantGroup;
			children = (
				555AF3EB244CA414001F99F1 /* Base */,
			);
			name = LaunchScreen.storyboard;
			sourceTree = "<group>";
		};
/* End PBXVariantGroup section */

/* Begin XCBuildConfiguration section */
		555AF3EE244CA414001F99F1 /* Debug */ = {
			isa = XCBuildConfiguration;
			buildSettings = {
				ALWAYS_SEARCH_USER_PATHS = NO;
				CLANG_ANALYZER_NONNULL = YES;
				CLANG_ANALYZER_NUMBER_OBJECT_CONVERSION = YES_AGGRESSIVE;
				CLANG_CXX_LANGUAGE_STANDARD = "gnu++14";
				CLANG_CXX_LIBRARY = "libc++";
				CLANG_ENABLE_MODULES = YES;
				CLANG_ENABLE_OBJC_ARC = YES;
				CLANG_ENABLE_OBJC_WEAK = YES;
				CLANG_WARN_BLOCK_CAPTURE_AUTORELEASING = YES;
				CLANG_WARN_BOOL_CONVERSION = YES;
				CLANG_WARN_COMMA = YES;
				CLANG_WARN_CONSTANT_CONVERSION = YES;
				CLANG_WARN_DEPRECATED_OBJC_IMPLEMENTATIONS = YES;
				CLANG_WARN_DIRECT_OBJC_ISA_USAGE = YES_ERROR;
				CLANG_WARN_DOCUMENTATION_COMMENTS = YES;
				CLANG_WARN_EMPTY_BODY = YES;
				CLANG_WARN_ENUM_CONVERSION = YES;
				CLANG_WARN_INFINITE_RECURSION = YES;
				CLANG_WARN_INT_CONVERSION = YES;
				CLANG_WARN_NON_LITERAL_NULL_CONVERSION = YES;
				CLANG_WARN_OBJC_IMPLICIT_RETAIN_SELF = YES;
				CLANG_WARN_OBJC_LITERAL_CONVERSION = YES;
				CLANG_WARN_OBJC_ROOT_CLASS = YES_ERROR;
				CLANG_WARN_RANGE_LOOP_ANALYSIS = YES;
				CLANG_WARN_STRICT_PROTOTYPES = YES;
				CLANG_WARN_SUSPICIOUS_MOVE = YES;
				CLANG_WARN_UNGUARDED_AVAILABILITY = YES_AGGRESSIVE;
				CLANG_WARN_UNREACHABLE_CODE = YES;
				CLANG_WARN__DUPLICATE_METHOD_MATCH = YES;
				COPY_PHASE_STRIP = NO;
				DEBUG_INFORMATION_FORMAT = dwarf;
				ENABLE_STRICT_OBJC_MSGSEND = YES;
				ENABLE_TESTABILITY = YES;
				GCC_C_LANGUAGE_STANDARD = gnu11;
				GCC_DYNAMIC_NO_PIC = NO;
				GCC_NO_COMMON_BLOCKS = YES;
				GCC_OPTIMIZATION_LEVEL = 0;
				GCC_PREPROCESSOR_DEFINITIONS = (
					"DEBUG=1",
					"$(inherited)",
				);
				GCC_WARN_64_TO_32_BIT_CONVERSION = YES;
				GCC_WARN_ABOUT_RETURN_TYPE = YES_ERROR;
				GCC_WARN_UNDECLARED_SELECTOR = YES;
				GCC_WARN_UNINITIALIZED_AUTOS = YES_AGGRESSIVE;
				GCC_WARN_UNUSED_FUNCTION = YES;
				GCC_WARN_UNUSED_VARIABLE = YES;
				IPHONEOS_DEPLOYMENT_TARGET = 13.4;
				MTL_ENABLE_DEBUG_INFO = INCLUDE_SOURCE;
				MTL_FAST_MATH = YES;
				ONLY_ACTIVE_ARCH = YES;
				SDKROOT = iphoneos;
				SWIFT_ACTIVE_COMPILATION_CONDITIONS = DEBUG;
				SWIFT_OPTIMIZATION_LEVEL = "-Onone";
			};
			name = Debug;
		};
		555AF3EF244CA414001F99F1 /* Release */ = {
			isa = XCBuildConfiguration;
			buildSettings = {
				ALWAYS_SEARCH_USER_PATHS = NO;
				CLANG_ANALYZER_NONNULL = YES;
				CLANG_ANALYZER_NUMBER_OBJECT_CONVERSION = YES_AGGRESSIVE;
				CLANG_CXX_LANGUAGE_STANDARD = "gnu++14";
				CLANG_CXX_LIBRARY = "libc++";
				CLANG_ENABLE_MODULES = YES;
				CLANG_ENABLE_OBJC_ARC = YES;
				CLANG_ENABLE_OBJC_WEAK = YES;
				CLANG_WARN_BLOCK_CAPTURE_AUTORELEASING = YES;
				CLANG_WARN_BOOL_CONVERSION = YES;
				CLANG_WARN_COMMA = YES;
				CLANG_WARN_CONSTANT_CONVERSION = YES;
				CLANG_WARN_DEPRECATED_OBJC_IMPLEMENTATIONS = YES;
				CLANG_WARN_DIRECT_OBJC_ISA_USAGE = YES_ERROR;
				CLANG_WARN_DOCUMENTATION_COMMENTS = YES;
				CLANG_WARN_EMPTY_BODY = YES;
				CLANG_WARN_ENUM_CONVERSION = YES;
				CLANG_WARN_INFINITE_RECURSION = YES;
				CLANG_WARN_INT_CONVERSION = YES;
				CLANG_WARN_NON_LITERAL_NULL_CONVERSION = YES;
				CLANG_WARN_OBJC_IMPLICIT_RETAIN_SELF = YES;
				CLANG_WARN_OBJC_LITERAL_CONVERSION = YES;
				CLANG_WARN_OBJC_ROOT_CLASS = YES_ERROR;
				CLANG_WARN_RANGE_LOOP_ANALYSIS = YES;
				CLANG_WARN_STRICT_PROTOTYPES = YES;
				CLANG_WARN_SUSPICIOUS_MOVE = YES;
				CLANG_WARN_UNGUARDED_AVAILABILITY = YES_AGGRESSIVE;
				CLANG_WARN_UNREACHABLE_CODE = YES;
				CLANG_WARN__DUPLICATE_METHOD_MATCH = YES;
				COPY_PHASE_STRIP = NO;
				DEBUG_INFORMATION_FORMAT = "dwarf-with-dsym";
				ENABLE_NS_ASSERTIONS = NO;
				ENABLE_STRICT_OBJC_MSGSEND = YES;
				GCC_C_LANGUAGE_STANDARD = gnu11;
				GCC_NO_COMMON_BLOCKS = YES;
				GCC_WARN_64_TO_32_BIT_CONVERSION = YES;
				GCC_WARN_ABOUT_RETURN_TYPE = YES_ERROR;
				GCC_WARN_UNDECLARED_SELECTOR = YES;
				GCC_WARN_UNINITIALIZED_AUTOS = YES_AGGRESSIVE;
				GCC_WARN_UNUSED_FUNCTION = YES;
				GCC_WARN_UNUSED_VARIABLE = YES;
				IPHONEOS_DEPLOYMENT_TARGET = 13.4;
				MTL_ENABLE_DEBUG_INFO = NO;
				MTL_FAST_MATH = YES;
				SDKROOT = iphoneos;
				SWIFT_COMPILATION_MODE = wholemodule;
				SWIFT_OPTIMIZATION_LEVEL = "-O";
				VALIDATE_PRODUCT = YES;
			};
			name = Release;
		};
		555AF3F1244CA414001F99F1 /* Debug */ = {
			isa = XCBuildConfiguration;
			buildSettings = {
				ASSETCATALOG_COMPILER_APPICON_NAME = AppIcon;
				CODE_SIGN_STYLE = Automatic;
				DEVELOPMENT_ASSET_PATHS = "\"ChartingCovid-SwiftUI/Preview Content\"";
				DEVELOPMENT_TEAM = TA2UAPFU92;
				ENABLE_PREVIEWS = YES;
				INFOPLIST_FILE = "ChartingCovid-SwiftUI/Info.plist";
				LD_RUNPATH_SEARCH_PATHS = (
					"$(inherited)",
					"@executable_path/Frameworks",
				);
				PRODUCT_BUNDLE_IDENTIFIER = "testhome.ChartingCovid-SwiftUI";
				PRODUCT_NAME = "$(TARGET_NAME)";
				SWIFT_VERSION = 5.0;
				TARGETED_DEVICE_FAMILY = "1,2";
			};
			name = Debug;
		};
		555AF3F2244CA414001F99F1 /* Release */ = {
			isa = XCBuildConfiguration;
			buildSettings = {
				ASSETCATALOG_COMPILER_APPICON_NAME = AppIcon;
				CODE_SIGN_STYLE = Automatic;
				DEVELOPMENT_ASSET_PATHS = "\"ChartingCovid-SwiftUI/Preview Content\"";
				DEVELOPMENT_TEAM = TA2UAPFU92;
				ENABLE_PREVIEWS = YES;
				INFOPLIST_FILE = "ChartingCovid-SwiftUI/Info.plist";
				LD_RUNPATH_SEARCH_PATHS = (
					"$(inherited)",
					"@executable_path/Frameworks",
				);
				PRODUCT_BUNDLE_IDENTIFIER = "testhome.ChartingCovid-SwiftUI";
				PRODUCT_NAME = "$(TARGET_NAME)";
				SWIFT_VERSION = 5.0;
				TARGETED_DEVICE_FAMILY = "1,2";
			};
			name = Release;
		};
/* End XCBuildConfiguration section */

/* Begin XCConfigurationList section */
		555AF3D7244CA40D001F99F1 /* Build configuration list for PBXProject "ChartingCovid-SwiftUI" */ = {
			isa = XCConfigurationList;
			buildConfigurations = (
				555AF3EE244CA414001F99F1 /* Debug */,
				555AF3EF244CA414001F99F1 /* Release */,
			);
			defaultConfigurationIsVisible = 0;
			defaultConfigurationName = Release;
		};
		555AF3F0244CA414001F99F1 /* Build configuration list for PBXNativeTarget "ChartingCovid-SwiftUI" */ = {
			isa = XCConfigurationList;
			buildConfigurations = (
				555AF3F1244CA414001F99F1 /* Debug */,
				555AF3F2244CA414001F99F1 /* Release */,
			);
			defaultConfigurationIsVisible = 0;
			defaultConfigurationName = Release;
		};
/* End XCConfigurationList section */
	};
	rootObject = 555AF3D4244CA40D001F99F1 /* Project object */;
}
